
Microsoft Visual Studio Solution File, Format Version 11.00
# Visual Studio 2010
Project("{2150E333-8FDC-42A3-9474-1A3956D46DE8}") = "(services)", "(services)", "{34F0FDB9-08D7-4C5F-9C6D-1303EE4C691B}"
EndProject
Project("{2150E333-8FDC-42A3-9474-1A3956D46DE8}") = "(net)", "(net)", "{959F77CD-D65A-494E-9D8C-B0D0D825818A}"
EndProject
Project("{2150E333-8FDC-42A3-9474-1A3956D46DE8}") = "(tests)", "(tests)", "{E0A2F434-C7FC-4FBA-86B6-128CA4A35178}"
EndProject
Project("{2150E333-8FDC-42A3-9474-1A3956D46DE8}") = "(services)", "(services)", "{B0CB5BEE-87F9-4CE4-B815-1B538812A2AD}"
EndProject
Project("{FAE04EC0-301F-11D3-BF4B-00C04F79EFBC}") = "rubynet", "services\net\rubynet\rubynet.csproj", "{561B3424-32B8-484E-9E4C-972D341F431E}"
EndProject
Project("{FAE04EC0-301F-11D3-BF4B-00C04F79EFBC}") = "irubyservice", "services\net\irubynet\irubyservice.csproj", "{970C40CD-03F5-4761-9AE3-7E358E108E56}"
EndProject
Project("{FAE04EC0-301F-11D3-BF4B-00C04F79EFBC}") = "extensions", "services\net\extensions\extensions.csproj", "{84727DA5-79D3-4F42-BA0C-19FD583A6834}"
EndProject
Project("{FAE04EC0-301F-11D3-BF4B-00C04F79EFBC}") = "rubylog", "services\net\rubylog\service\rubylog.csproj", "{EBEF07D1-5A08-4904-8C88-CE119D1E8E4D}"
EndProject
Project("{2150E333-8FDC-42A3-9474-1A3956D46DE8}") = "(net)", "(net)", "{24DCDBE5-CFA8-4646-8AB5-50C5ACC2C0B4}"
EndProject
Project("{FAE04EC0-301F-11D3-BF4B-00C04F79EFBC}") = "rubynet", "tests\services\net\rubynet\rubynet.csproj", "{105B29AB-57F3-4B93-9F86-54D62EFFD4EE}"
EndProject
Project("{FAE04EC0-301F-11D3-BF4B-00C04F79EFBC}") = "tracker", "services\net\tracker\tracker.csproj", "{ABDD6B2C-98A4-4CFC-99BB-C83915B468EF}"
EndProject
Project("{FAE04EC0-301F-11D3-BF4B-00C04F79EFBC}") = "protos", "services\net\protos\protos.csproj", "{3C54BE0B-813D-4543-81C5-62ABC1188CE2}"
EndProject
Project("{FAE04EC0-301F-11D3-BF4B-00C04F79EFBC}") = "services", "services\net\services\services.csproj", "{152B2BB5-2D84-4986-9667-2C418227BF6E}"
EndProject
Global
	GlobalSection(SubversionScc) = preSolution
		Svn-Managed = True
		Manager = AnkhSVN - Subversion Support for Visual Studio
	EndGlobalSection
	GlobalSection(SolutionConfigurationPlatforms) = preSolution
		Debug|Any CPU = Debug|Any CPU
		Debug|Mixed Platforms = Debug|Mixed Platforms
		Debug|Win32 = Debug|Win32
		Debug|x64 = Debug|x64
		Purify|Any CPU = Purify|Any CPU
		Purify|Mixed Platforms = Purify|Mixed Platforms
		Purify|Win32 = Purify|Win32
		Purify|x64 = Purify|x64
		Release|Any CPU = Release|Any CPU
		Release|Mixed Platforms = Release|Mixed Platforms
		Release|Win32 = Release|Win32
		Release|x64 = Release|x64
	EndGlobalSection
	GlobalSection(ProjectConfigurationPlatforms) = postSolution
		{561B3424-32B8-484E-9E4C-972D341F431E}.Debug|Any CPU.ActiveCfg = Debug|Any CPU
		{561B3424-32B8-484E-9E4C-972D341F431E}.Debug|Any CPU.Build.0 = Debug|Any CPU
		{561B3424-32B8-484E-9E4C-972D341F431E}.Debug|Mixed Platforms.ActiveCfg = Debug|Any CPU
		{561B3424-32B8-484E-9E4C-972D341F431E}.Debug|Mixed Platforms.Build.0 = Debug|Any CPU
		{561B3424-32B8-484E-9E4C-972D341F431E}.Debug|Win32.ActiveCfg = Debug|Any CPU
		{561B3424-32B8-484E-9E4C-972D341F431E}.Debug|x64.ActiveCfg = Debug|Any CPU
		{561B3424-32B8-484E-9E4C-972D341F431E}.Purify|Any CPU.ActiveCfg = Release|Any CPU
		{561B3424-32B8-484E-9E4C-972D341F431E}.Purify|Any CPU.Build.0 = Release|Any CPU
		{561B3424-32B8-484E-9E4C-972D341F431E}.Purify|Mixed Platforms.ActiveCfg = Release|Any CPU
		{561B3424-32B8-484E-9E4C-972D341F431E}.Purify|Mixed Platforms.Build.0 = Release|Any CPU
		{561B3424-32B8-484E-9E4C-972D341F431E}.Purify|Win32.ActiveCfg = Release|Any CPU
		{561B3424-32B8-484E-9E4C-972D341F431E}.Purify|x64.ActiveCfg = Release|Any CPU
		{561B3424-32B8-484E-9E4C-972D341F431E}.Release|Any CPU.ActiveCfg = Release|Any CPU
		{561B3424-32B8-484E-9E4C-972D341F431E}.Release|Any CPU.Build.0 = Release|Any CPU
		{561B3424-32B8-484E-9E4C-972D341F431E}.Release|Mixed Platforms.ActiveCfg = Release|Any CPU
		{561B3424-32B8-484E-9E4C-972D341F431E}.Release|Mixed Platforms.Build.0 = Release|Any CPU
		{561B3424-32B8-484E-9E4C-972D341F431E}.Release|Win32.ActiveCfg = Release|Any CPU
		{561B3424-32B8-484E-9E4C-972D341F431E}.Release|x64.ActiveCfg = Release|Any CPU
		{970C40CD-03F5-4761-9AE3-7E358E108E56}.Debug|Any CPU.ActiveCfg = Debug|Any CPU
		{970C40CD-03F5-4761-9AE3-7E358E108E56}.Debug|Any CPU.Build.0 = Debug|Any CPU
		{970C40CD-03F5-4761-9AE3-7E358E108E56}.Debug|Mixed Platforms.ActiveCfg = Debug|Any CPU
		{970C40CD-03F5-4761-9AE3-7E358E108E56}.Debug|Mixed Platforms.Build.0 = Debug|Any CPU
		{970C40CD-03F5-4761-9AE3-7E358E108E56}.Debug|Win32.ActiveCfg = Debug|Any CPU
		{970C40CD-03F5-4761-9AE3-7E358E108E56}.Debug|x64.ActiveCfg = Debug|Any CPU
		{970C40CD-03F5-4761-9AE3-7E358E108E56}.Purify|Any CPU.ActiveCfg = Release|Any CPU
		{970C40CD-03F5-4761-9AE3-7E358E108E56}.Purify|Any CPU.Build.0 = Release|Any CPU
		{970C40CD-03F5-4761-9AE3-7E358E108E56}.Purify|Mixed Platforms.ActiveCfg = Release|Any CPU
		{970C40CD-03F5-4761-9AE3-7E358E108E56}.Purify|Mixed Platforms.Build.0 = Release|Any CPU
		{970C40CD-03F5-4761-9AE3-7E358E108E56}.Purify|Win32.ActiveCfg = Release|Any CPU
		{970C40CD-03F5-4761-9AE3-7E358E108E56}.Purify|x64.ActiveCfg = Release|Any CPU
		{970C40CD-03F5-4761-9AE3-7E358E108E56}.Release|Any CPU.ActiveCfg = Release|Any CPU
		{970C40CD-03F5-4761-9AE3-7E358E108E56}.Release|Any CPU.Build.0 = Release|Any CPU
		{970C40CD-03F5-4761-9AE3-7E358E108E56}.Release|Mixed Platforms.ActiveCfg = Release|Any CPU
		{970C40CD-03F5-4761-9AE3-7E358E108E56}.Release|Mixed Platforms.Build.0 = Release|Any CPU
		{970C40CD-03F5-4761-9AE3-7E358E108E56}.Release|Win32.ActiveCfg = Release|Any CPU
		{970C40CD-03F5-4761-9AE3-7E358E108E56}.Release|x64.ActiveCfg = Release|Any CPU
		{84727DA5-79D3-4F42-BA0C-19FD583A6834}.Debug|Any CPU.ActiveCfg = Debug|Any CPU
		{84727DA5-79D3-4F42-BA0C-19FD583A6834}.Debug|Any CPU.Build.0 = Debug|Any CPU
		{84727DA5-79D3-4F42-BA0C-19FD583A6834}.Debug|Mixed Platforms.ActiveCfg = Debug|Any CPU
		{84727DA5-79D3-4F42-BA0C-19FD583A6834}.Debug|Mixed Platforms.Build.0 = Debug|Any CPU
		{84727DA5-79D3-4F42-BA0C-19FD583A6834}.Debug|Win32.ActiveCfg = Debug|Any CPU
		{84727DA5-79D3-4F42-BA0C-19FD583A6834}.Debug|x64.ActiveCfg = Debug|Any CPU
		{84727DA5-79D3-4F42-BA0C-19FD583A6834}.Purify|Any CPU.ActiveCfg = Release|Any CPU
		{84727DA5-79D3-4F42-BA0C-19FD583A6834}.Purify|Any CPU.Build.0 = Release|Any CPU
		{84727DA5-79D3-4F42-BA0C-19FD583A6834}.Purify|Mixed Platforms.ActiveCfg = Release|Any CPU
		{84727DA5-79D3-4F42-BA0C-19FD583A6834}.Purify|Mixed Platforms.Build.0 = Release|Any CPU
		{84727DA5-79D3-4F42-BA0C-19FD583A6834}.Purify|Win32.ActiveCfg = Release|Any CPU
		{84727DA5-79D3-4F42-BA0C-19FD583A6834}.Purify|x64.ActiveCfg = Release|Any CPU
		{84727DA5-79D3-4F42-BA0C-19FD583A6834}.Release|Any CPU.ActiveCfg = Release|Any CPU
		{84727DA5-79D3-4F42-BA0C-19FD583A6834}.Release|Any CPU.Build.0 = Release|Any CPU
		{84727DA5-79D3-4F42-BA0C-19FD583A6834}.Release|Mixed Platforms.ActiveCfg = Release|Any CPU
		{84727DA5-79D3-4F42-BA0C-19FD583A6834}.Release|Mixed Platforms.Build.0 = Release|Any CPU
		{84727DA5-79D3-4F42-BA0C-19FD583A6834}.Release|Win32.ActiveCfg = Release|Any CPU
		{84727DA5-79D3-4F42-BA0C-19FD583A6834}.Release|x64.ActiveCfg = Release|Any CPU
		{EBEF07D1-5A08-4904-8C88-CE119D1E8E4D}.Debug|Any CPU.ActiveCfg = Debug|Any CPU
		{EBEF07D1-5A08-4904-8C88-CE119D1E8E4D}.Debug|Any CPU.Build.0 = Debug|Any CPU
		{EBEF07D1-5A08-4904-8C88-CE119D1E8E4D}.Debug|Mixed Platforms.ActiveCfg = Debug|Any CPU
		{EBEF07D1-5A08-4904-8C88-CE119D1E8E4D}.Debug|Mixed Platforms.Build.0 = Debug|Any CPU
		{EBEF07D1-5A08-4904-8C88-CE119D1E8E4D}.Debug|Win32.ActiveCfg = Debug|Any CPU
		{EBEF07D1-5A08-4904-8C88-CE119D1E8E4D}.Debug|x64.ActiveCfg = Debug|Any CPU
		{EBEF07D1-5A08-4904-8C88-CE119D1E8E4D}.Purify|Any CPU.ActiveCfg = Release|Any CPU
		{EBEF07D1-5A08-4904-8C88-CE119D1E8E4D}.Purify|Any CPU.Build.0 = Release|Any CPU
		{EBEF07D1-5A08-4904-8C88-CE119D1E8E4D}.Purify|Mixed Platforms.ActiveCfg = Release|Any CPU
		{EBEF07D1-5A08-4904-8C88-CE119D1E8E4D}.Purify|Mixed Platforms.Build.0 = Release|Any CPU
		{EBEF07D1-5A08-4904-8C88-CE119D1E8E4D}.Purify|Win32.ActiveCfg = Release|Any CPU
		{EBEF07D1-5A08-4904-8C88-CE119D1E8E4D}.Purify|x64.ActiveCfg = Release|Any CPU
		{EBEF07D1-5A08-4904-8C88-CE119D1E8E4D}.Release|Any CPU.ActiveCfg = Release|Any CPU
		{EBEF07D1-5A08-4904-8C88-CE119D1E8E4D}.Release|Any CPU.Build.0 = Release|Any CPU
		{EBEF07D1-5A08-4904-8C88-CE119D1E8E4D}.Release|Mixed Platforms.ActiveCfg = Release|Any CPU
		{EBEF07D1-5A08-4904-8C88-CE119D1E8E4D}.Release|Mixed Platforms.Build.0 = Release|Any CPU
		{EBEF07D1-5A08-4904-8C88-CE119D1E8E4D}.Release|Win32.ActiveCfg = Release|Any CPU
		{EBEF07D1-5A08-4904-8C88-CE119D1E8E4D}.Release|x64.ActiveCfg = Release|Any CPU
		{105B29AB-57F3-4B93-9F86-54D62EFFD4EE}.Debug|Any CPU.ActiveCfg = Debug|Any CPU
		{105B29AB-57F3-4B93-9F86-54D62EFFD4EE}.Debug|Any CPU.Build.0 = Debug|Any CPU
		{105B29AB-57F3-4B93-9F86-54D62EFFD4EE}.Debug|Mixed Platforms.ActiveCfg = Debug|Any CPU
		{105B29AB-57F3-4B93-9F86-54D62EFFD4EE}.Debug|Mixed Platforms.Build.0 = Debug|Any CPU
		{105B29AB-57F3-4B93-9F86-54D62EFFD4EE}.Debug|Win32.ActiveCfg = Debug|Any CPU
		{105B29AB-57F3-4B93-9F86-54D62EFFD4EE}.Debug|x64.ActiveCfg = Debug|Any CPU
		{105B29AB-57F3-4B93-9F86-54D62EFFD4EE}.Purify|Any CPU.ActiveCfg = Release|Any CPU
		{105B29AB-57F3-4B93-9F86-54D62EFFD4EE}.Purify|Any CPU.Build.0 = Release|Any CPU
		{105B29AB-57F3-4B93-9F86-54D62EFFD4EE}.Purify|Mixed Platforms.ActiveCfg = Release|Any CPU
		{105B29AB-57F3-4B93-9F86-54D62EFFD4EE}.Purify|Mixed Platforms.Build.0 = Release|Any CPU
		{105B29AB-57F3-4B93-9F86-54D62EFFD4EE}.Purify|Win32.ActiveCfg = Release|Any CPU
		{105B29AB-57F3-4B93-9F86-54D62EFFD4EE}.Purify|x64.ActiveCfg = Release|Any CPU
		{105B29AB-57F3-4B93-9F86-54D62EFFD4EE}.Release|Any CPU.ActiveCfg = Release|Any CPU
		{105B29AB-57F3-4B93-9F86-54D62EFFD4EE}.Release|Any CPU.Build.0 = Release|Any CPU
		{105B29AB-57F3-4B93-9F86-54D62EFFD4EE}.Release|Mixed Platforms.ActiveCfg = Release|Any CPU
		{105B29AB-57F3-4B93-9F86-54D62EFFD4EE}.Release|Mixed Platforms.Build.0 = Release|Any CPU
		{105B29AB-57F3-4B93-9F86-54D62EFFD4EE}.Release|Win32.ActiveCfg = Release|Any CPU
		{105B29AB-57F3-4B93-9F86-54D62EFFD4EE}.Release|x64.ActiveCfg = Release|Any CPU
		{ABDD6B2C-98A4-4CFC-99BB-C83915B468EF}.Debug|Any CPU.ActiveCfg = Debug|Any CPU
		{ABDD6B2C-98A4-4CFC-99BB-C83915B468EF}.Debug|Any CPU.Build.0 = Debug|Any CPU
		{ABDD6B2C-98A4-4CFC-99BB-C83915B468EF}.Debug|Mixed Platforms.ActiveCfg = Debug|Any CPU
		{ABDD6B2C-98A4-4CFC-99BB-C83915B468EF}.Debug|Mixed Platforms.Build.0 = Debug|Any CPU
		{ABDD6B2C-98A4-4CFC-99BB-C83915B468EF}.Debug|Win32.ActiveCfg = Debug|Any CPU
		{ABDD6B2C-98A4-4CFC-99BB-C83915B468EF}.Debug|x64.ActiveCfg = Debug|Any CPU
		{ABDD6B2C-98A4-4CFC-99BB-C83915B468EF}.Purify|Any CPU.ActiveCfg = Release|Any CPU
		{ABDD6B2C-98A4-4CFC-99BB-C83915B468EF}.Purify|Any CPU.Build.0 = Release|Any CPU
		{ABDD6B2C-98A4-4CFC-99BB-C83915B468EF}.Purify|Mixed Platforms.ActiveCfg = Release|Any CPU
		{ABDD6B2C-98A4-4CFC-99BB-C83915B468EF}.Purify|Mixed Platforms.Build.0 = Release|Any CPU
		{ABDD6B2C-98A4-4CFC-99BB-C83915B468EF}.Purify|Win32.ActiveCfg = Release|Any CPU
		{ABDD6B2C-98A4-4CFC-99BB-C83915B468EF}.Purify|x64.ActiveCfg = Release|Any CPU
		{ABDD6B2C-98A4-4CFC-99BB-C83915B468EF}.Release|Any CPU.ActiveCfg = Release|Any CPU
		{ABDD6B2C-98A4-4CFC-99BB-C83915B468EF}.Release|Any CPU.Build.0 = Release|Any CPU
		{ABDD6B2C-98A4-4CFC-99BB-C83915B468EF}.Release|Mixed Platforms.ActiveCfg = Release|Any CPU
		{ABDD6B2C-98A4-4CFC-99BB-C83915B468EF}.Release|Mixed Platforms.Build.0 = Release|Any CPU
		{ABDD6B2C-98A4-4CFC-99BB-C83915B468EF}.Release|Win32.ActiveCfg = Release|Any CPU
		{ABDD6B2C-98A4-4CFC-99BB-C83915B468EF}.Release|x64.ActiveCfg = Release|Any CPU
		{3C54BE0B-813D-4543-81C5-62ABC1188CE2}.Debug|Any CPU.ActiveCfg = Debug|Any CPU
		{3C54BE0B-813D-4543-81C5-62ABC1188CE2}.Debug|Any CPU.Build.0 = Debug|Any CPU
		{3C54BE0B-813D-4543-81C5-62ABC1188CE2}.Debug|Mixed Platforms.ActiveCfg = Debug|Any CPU
		{3C54BE0B-813D-4543-81C5-62ABC1188CE2}.Debug|Mixed Platforms.Build.0 = Debug|Any CPU
		{3C54BE0B-813D-4543-81C5-62ABC1188CE2}.Debug|Win32.ActiveCfg = Debug|Any CPU
		{3C54BE0B-813D-4543-81C5-62ABC1188CE2}.Debug|x64.ActiveCfg = Debug|Any CPU
		{3C54BE0B-813D-4543-81C5-62ABC1188CE2}.Purify|Any CPU.ActiveCfg = Release|Any CPU
		{3C54BE0B-813D-4543-81C5-62ABC1188CE2}.Purify|Any CPU.Build.0 = Release|Any CPU
		{3C54BE0B-813D-4543-81C5-62ABC1188CE2}.Purify|Mixed Platforms.ActiveCfg = Release|Any CPU
		{3C54BE0B-813D-4543-81C5-62ABC1188CE2}.Purify|Mixed Platforms.Build.0 = Release|Any CPU
		{3C54BE0B-813D-4543-81C5-62ABC1188CE2}.Purify|Win32.ActiveCfg = Release|Any CPU
		{3C54BE0B-813D-4543-81C5-62ABC1188CE2}.Purify|x64.ActiveCfg = Release|Any CPU
		{3C54BE0B-813D-4543-81C5-62ABC1188CE2}.Release|Any CPU.ActiveCfg = Release|Any CPU
		{3C54BE0B-813D-4543-81C5-62ABC1188CE2}.Release|Any CPU.Build.0 = Release|Any CPU
		{3C54BE0B-813D-4543-81C5-62ABC1188CE2}.Release|Mixed Platforms.ActiveCfg = Release|Any CPU
		{3C54BE0B-813D-4543-81C5-62ABC1188CE2}.Release|Mixed Platforms.Build.0 = Release|Any CPU
		{3C54BE0B-813D-4543-81C5-62ABC1188CE2}.Release|Win32.ActiveCfg = Release|Any CPU
		{3C54BE0B-813D-4543-81C5-62ABC1188CE2}.Release|x64.ActiveCfg = Release|Any CPU
		{152B2BB5-2D84-4986-9667-2C418227BF6E}.Debug|Any CPU.ActiveCfg = Debug|Any CPU
		{152B2BB5-2D84-4986-9667-2C418227BF6E}.Debug|Any CPU.Build.0 = Debug|Any CPU
		{152B2BB5-2D84-4986-9667-2C418227BF6E}.Debug|Mixed Platforms.ActiveCfg = Debug|Any CPU
		{152B2BB5-2D84-4986-9667-2C418227BF6E}.Debug|Mixed Platforms.Build.0 = Debug|Any CPU
		{152B2BB5-2D84-4986-9667-2C418227BF6E}.Debug|Win32.ActiveCfg = Debug|Any CPU
		{152B2BB5-2D84-4986-9667-2C418227BF6E}.Debug|x64.ActiveCfg = Debug|Any CPU
		{152B2BB5-2D84-4986-9667-2C418227BF6E}.Purify|Any CPU.ActiveCfg = Release|Any CPU
		{152B2BB5-2D84-4986-9667-2C418227BF6E}.Purify|Any CPU.Build.0 = Release|Any CPU
		{152B2BB5-2D84-4986-9667-2C418227BF6E}.Purify|Mixed Platforms.ActiveCfg = Release|Any CPU
		{152B2BB5-2D84-4986-9667-2C418227BF6E}.Purify|Mixed Platforms.Build.0 = Release|Any CPU
		{152B2BB5-2D84-4986-9667-2C418227BF6E}.Purify|Win32.ActiveCfg = Release|Any CPU
		{152B2BB5-2D84-4986-9667-2C418227BF6E}.Purify|x64.ActiveCfg = Release|Any CPU
		{152B2BB5-2D84-4986-9667-2C418227BF6E}.Release|Any CPU.ActiveCfg = Release|Any CPU
		{152B2BB5-2D84-4986-9667-2C418227BF6E}.Release|Any CPU.Build.0 = Release|Any CPU
		{152B2BB5-2D84-4986-9667-2C418227BF6E}.Release|Mixed Platforms.ActiveCfg = Release|Any CPU
		{152B2BB5-2D84-4986-9667-2C418227BF6E}.Release|Mixed Platforms.Build.0 = Release|Any CPU
		{152B2BB5-2D84-4986-9667-2C418227BF6E}.Release|Win32.ActiveCfg = Release|Any CPU
		{152B2BB5-2D84-4986-9667-2C418227BF6E}.Release|x64.ActiveCfg = Release|Any CPU
	EndGlobalSection
	GlobalSection(SolutionProperties) = preSolution
		HideSolutionNode = FALSE
	EndGlobalSection
	GlobalSection(NestedProjects) = preSolution
		{959F77CD-D65A-494E-9D8C-B0D0D825818A} = {34F0FDB9-08D7-4C5F-9C6D-1303EE4C691B}
		{561B3424-32B8-484E-9E4C-972D341F431E} = {959F77CD-D65A-494E-9D8C-B0D0D825818A}
		{970C40CD-03F5-4761-9AE3-7E358E108E56} = {959F77CD-D65A-494E-9D8C-B0D0D825818A}
		{84727DA5-79D3-4F42-BA0C-19FD583A6834} = {959F77CD-D65A-494E-9D8C-B0D0D825818A}
		{EBEF07D1-5A08-4904-8C88-CE119D1E8E4D} = {959F77CD-D65A-494E-9D8C-B0D0D825818A}
		{ABDD6B2C-98A4-4CFC-99BB-C83915B468EF} = {959F77CD-D65A-494E-9D8C-B0D0D825818A}
		{3C54BE0B-813D-4543-81C5-62ABC1188CE2} = {959F77CD-D65A-494E-9D8C-B0D0D825818A}
		{152B2BB5-2D84-4986-9667-2C418227BF6E} = {959F77CD-D65A-494E-9D8C-B0D0D825818A}
		{B0CB5BEE-87F9-4CE4-B815-1B538812A2AD} = {E0A2F434-C7FC-4FBA-86B6-128CA4A35178}
		{24DCDBE5-CFA8-4646-8AB5-50C5ACC2C0B4} = {B0CB5BEE-87F9-4CE4-B815-1B538812A2AD}
		{105B29AB-57F3-4B93-9F86-54D62EFFD4EE} = {24DCDBE5-CFA8-4646-8AB5-50C5ACC2C0B4}
	EndGlobalSection
	GlobalSection(ExtensibilityGlobals) = postSolution
		EnterpriseLibraryConfigurationToolBinariesPath = packages\Unity.2.1.505.2\lib\NET35
	EndGlobalSection
EndGlobal
