Microsoft Visual Studio Solution File, Format Version 10.00
# Visual Studio 2008
Project("{2150E333-8FDC-42A3-9474-1A3956D46DE8}") = "(common)", "(common)", "{54C8184B-07C9-4D70-9DF0-C474AD9C2235}"
EndProject
Project("{2150E333-8FDC-42A3-9474-1A3956D46DE8}") = "(service)", "(service)", "{D8A83ADF-807E-434B-B6D8-2D2D1F3F2BD9}"
EndProject
Project("{2150E333-8FDC-42A3-9474-1A3956D46DE8}") = "(net)", "(net)", "{8589A637-D0EE-4299-8D10-A7D17D746A5E}"
EndProject
Project("{2150E333-8FDC-42A3-9474-1A3956D46DE8}") = "(third_party)", "(third_party)", "{5CC923EB-3A97-4705-81E0-27C2AA38963F}"
EndProject
Project("{2150E333-8FDC-42A3-9474-1A3956D46DE8}") = "(chrome)", "(chrome)", "{975CE087-3445-4CD9-8864-9F3625999ED0}"
EndProject
Project("{2150E333-8FDC-42A3-9474-1A3956D46DE8}") = "(base)", "(base)", "{6F74EC81-5F0A-49E7-8A73-D5E36255F1E4}"
EndProject
Project("{2150E333-8FDC-42A3-9474-1A3956D46DE8}") = "(build)", "(build)", "{181E5AFD-9462-43BB-95C2-71EFFB8D4FD3}"
EndProject
Project("{2150E333-8FDC-42A3-9474-1A3956D46DE8}") = "(glog)", "(glog)", "{B25C8983-9694-405A-8C54-8EDF784227AF}"
EndProject
Project("{8BC9CEB8-8B4A-11D0-8D11-00A0C91BC942}") = "common", "vsprojects\common.vcproj", "{B15BDCC3-04FC-4CFF-A3F4-58DA84D274BB}"
EndProject
Project("{8BC9CEB8-8B4A-11D0-8D11-00A0C91BC942}") = "service", "vsprojects\service.vcproj", "{344D0226-0D51-4AE9-AAA0-A66354E044FA}"
EndProject
Project("{8BC9CEB8-8B4A-11D0-8D11-00A0C91BC942}") = "net", "vsprojects\net.vcproj", "{53B52D72-17F1-4647-997C-399F7DA5DA8D}"
EndProject
Project("{8BC9CEB8-8B4A-11D0-8D11-00A0C91BC942}") = "base", "third_party\chrome\base\base.vcproj", "{1832A374-8A74-4F9E-B536-69A699B3E165}"
EndProject
Project("{2150E333-8FDC-42A3-9474-1A3956D46DE8}") = "(net)", "(net)", "{07504183-C969-4E0D-B228-2DF79644ED14}"
EndProject
Project("{8BC9CEB8-8B4A-11D0-8D11-00A0C91BC942}") = "net_base", "third_party\chrome\net\net_base.vcproj", "{9B6FAEE0-4CFD-8942-397F-500C5408D1AA}"
EndProject
Global
	GlobalSection(SubversionScc) = preSolution
		Svn-Managed = True
		Manager = AnkhSVN - Subversion Support for Visual Studio
	EndGlobalSection
	GlobalSection(SolutionConfigurationPlatforms) = preSolution
		Debug|Win32 = Debug|Win32
		Purify|Win32 = Purify|Win32
		Release|Win32 = Release|Win32
	EndGlobalSection
	GlobalSection(ProjectConfigurationPlatforms) = postSolution
		{B15BDCC3-04FC-4CFF-A3F4-58DA84D274BB}.Debug|Win32.ActiveCfg = Debug|Win32
		{B15BDCC3-04FC-4CFF-A3F4-58DA84D274BB}.Debug|Win32.Build.0 = Debug|Win32
		{B15BDCC3-04FC-4CFF-A3F4-58DA84D274BB}.Purify|Win32.ActiveCfg = Release|Win32
		{B15BDCC3-04FC-4CFF-A3F4-58DA84D274BB}.Purify|Win32.Build.0 = Release|Win32
		{B15BDCC3-04FC-4CFF-A3F4-58DA84D274BB}.Release|Win32.ActiveCfg = Release|Win32
		{B15BDCC3-04FC-4CFF-A3F4-58DA84D274BB}.Release|Win32.Build.0 = Release|Win32
		{344D0226-0D51-4AE9-AAA0-A66354E044FA}.Debug|Win32.ActiveCfg = Debug|Win32
		{344D0226-0D51-4AE9-AAA0-A66354E044FA}.Debug|Win32.Build.0 = Debug|Win32
		{344D0226-0D51-4AE9-AAA0-A66354E044FA}.Purify|Win32.ActiveCfg = Release|Win32
		{344D0226-0D51-4AE9-AAA0-A66354E044FA}.Purify|Win32.Build.0 = Release|Win32
		{344D0226-0D51-4AE9-AAA0-A66354E044FA}.Release|Win32.ActiveCfg = Release|Win32
		{344D0226-0D51-4AE9-AAA0-A66354E044FA}.Release|Win32.Build.0 = Release|Win32
		{53B52D72-17F1-4647-997C-399F7DA5DA8D}.Debug|Win32.ActiveCfg = Debug|Win32
		{53B52D72-17F1-4647-997C-399F7DA5DA8D}.Debug|Win32.Build.0 = Debug|Win32
		{53B52D72-17F1-4647-997C-399F7DA5DA8D}.Purify|Win32.ActiveCfg = Release|Win32
		{53B52D72-17F1-4647-997C-399F7DA5DA8D}.Purify|Win32.Build.0 = Release|Win32
		{53B52D72-17F1-4647-997C-399F7DA5DA8D}.Release|Win32.ActiveCfg = Release|Win32
		{53B52D72-17F1-4647-997C-399F7DA5DA8D}.Release|Win32.Build.0 = Release|Win32
		{1832A374-8A74-4F9E-B536-69A699B3E165}.Debug|Win32.ActiveCfg = Debug|Win32
		{1832A374-8A74-4F9E-B536-69A699B3E165}.Debug|Win32.Build.0 = Debug|Win32
		{1832A374-8A74-4F9E-B536-69A699B3E165}.Purify|Win32.ActiveCfg = Purify|Win32
		{1832A374-8A74-4F9E-B536-69A699B3E165}.Purify|Win32.Build.0 = Purify|Win32
		{1832A374-8A74-4F9E-B536-69A699B3E165}.Release|Win32.ActiveCfg = Release|Win32
		{1832A374-8A74-4F9E-B536-69A699B3E165}.Release|Win32.Build.0 = Release|Win32
		{9B6FAEE0-4CFD-8942-397F-500C5408D1AA}.Debug|Win32.ActiveCfg = Debug|Win32
		{9B6FAEE0-4CFD-8942-397F-500C5408D1AA}.Debug|Win32.Build.0 = Debug|Win32
		{9B6FAEE0-4CFD-8942-397F-500C5408D1AA}.Purify|Win32.ActiveCfg = Purify|Win32
		{9B6FAEE0-4CFD-8942-397F-500C5408D1AA}.Purify|Win32.Build.0 = Purify|Win32
		{9B6FAEE0-4CFD-8942-397F-500C5408D1AA}.Release|Win32.ActiveCfg = Release|Win32
		{9B6FAEE0-4CFD-8942-397F-500C5408D1AA}.Release|Win32.Build.0 = Release|Win32
	EndGlobalSection
	GlobalSection(SolutionProperties) = preSolution
		HideSolutionNode = FALSE
	EndGlobalSection
	GlobalSection(NestedProjects) = preSolution
		{B15BDCC3-04FC-4CFF-A3F4-58DA84D274BB} = {54C8184B-07C9-4D70-9DF0-C474AD9C2235}
		{344D0226-0D51-4AE9-AAA0-A66354E044FA} = {D8A83ADF-807E-434B-B6D8-2D2D1F3F2BD9}
		{53B52D72-17F1-4647-997C-399F7DA5DA8D} = {8589A637-D0EE-4299-8D10-A7D17D746A5E}
		{975CE087-3445-4CD9-8864-9F3625999ED0} = {5CC923EB-3A97-4705-81E0-27C2AA38963F}
		{B25C8983-9694-405A-8C54-8EDF784227AF} = {5CC923EB-3A97-4705-81E0-27C2AA38963F}
		{6F74EC81-5F0A-49E7-8A73-D5E36255F1E4} = {975CE087-3445-4CD9-8864-9F3625999ED0}
		{181E5AFD-9462-43BB-95C2-71EFFB8D4FD3} = {975CE087-3445-4CD9-8864-9F3625999ED0}
		{07504183-C969-4E0D-B228-2DF79644ED14} = {975CE087-3445-4CD9-8864-9F3625999ED0}
		{1832A374-8A74-4F9E-B536-69A699B3E165} = {6F74EC81-5F0A-49E7-8A73-D5E36255F1E4}
		{9B6FAEE0-4CFD-8942-397F-500C5408D1AA} = {07504183-C969-4E0D-B228-2DF79644ED14}
	EndGlobalSection
EndGlobal
