<?xml version="1.0" encoding="utf-8"?>
<Project ToolsVersion="4.0" xmlns="http://schemas.microsoft.com/developer/msbuild/2003">
  <ItemGroup>
    <ClInclude Include="ruby_switches.h" />
    <ClInclude Include="service_logging.h" />
    <ClInclude Include="ruby_service.h" />
    <ClInclude Include="service_base.h" />
    <ClInclude Include="constants.h" />
    <ClInclude Include="..\..\protos\parsers\c\control.pb.h">
      <Filter>protos</Filter>
    </ClInclude>
    <ClInclude Include="..\..\protos\parsers\c\ruby_protos.pb.h">
      <Filter>protos</Filter>
    </ClInclude>
    <ClInclude Include="service_metadata.h" />
    <ClInclude Include="services_database.h" />
    <ClInclude Include="..\..\protos\parsers\c\common.pb.h">
      <Filter>protos</Filter>
    </ClInclude>
    <ClInclude Include="hash.h" />
    <ClInclude Include="message_router.h" />
    <ClInclude Include="routing_database.h" />
    <ClInclude Include="message_processor.h" />
  </ItemGroup>
  <ItemGroup>
    <ClCompile Include="service_main.cc" />
    <ClCompile Include="ruby_switches.cc" />
    <ClCompile Include="ruby_service.cc" />
    <ClCompile Include="service_base.cc" />
    <ClCompile Include="constants.cc" />
    <ClCompile Include="..\..\protos\parsers\c\control.pb.cc">
      <Filter>protos</Filter>
    </ClCompile>
    <ClCompile Include="..\..\protos\parsers\c\ruby_protos.pb.cc">
      <Filter>protos</Filter>
    </ClCompile>
    <ClCompile Include="service_metadata.cc" />
    <ClCompile Include="services_database.cc" />
    <ClCompile Include="..\..\protos\parsers\c\common.pb.cc">
      <Filter>protos</Filter>
    </ClCompile>
    <ClCompile Include="hash.cc" />
    <ClCompile Include="message_router.cc" />
    <ClCompile Include="routing_database.cc" />
    <ClCompile Include="message_processor.cc" />
  </ItemGroup>
  <ItemGroup>
    <Filter Include="protos">
      <UniqueIdentifier>{7bca6f2c-a816-4f14-8a27-d6f31d1719de}</UniqueIdentifier>
    </Filter>
  </ItemGroup>
</Project>