<?xml version="1.0" encoding="utf-8"?>
<Project ToolsVersion="4.0" xmlns="http://schemas.microsoft.com/developer/msbuild/2003">
  <ItemGroup>
    <ClInclude Include="ruby_switches.h" />
    <ClInclude Include="service_logging.h" />
    <ClInclude Include="ruby_service.h" />
    <ClInclude Include="service_base.h" />
    <ClInclude Include="constants.h" />
  </ItemGroup>
  <ItemGroup>
    <ClCompile Include="service_main.cc" />
    <ClCompile Include="ruby_switches.cc" />
    <ClCompile Include="ruby_service.cc" />
    <ClCompile Include="service_base.cc" />
    <ClCompile Include="constants.cc" />
  </ItemGroup>
  <ItemGroup>
    <Filter Include="protos">
      <UniqueIdentifier>{7bca6f2c-a816-4f14-8a27-d6f31d1719de}</UniqueIdentifier>
    </Filter>
  </ItemGroup>
</Project>