Microsoft Visual Studio Solution File, Format Version 9.00
# Visual Studio 2005
Project("{8BC9CEB8-8B4A-11D0-8D11-00A0C91BC942}") = "Notify", "Notify\Notify.vcproj", "{D5268E38-98ED-4298-B9A2-483ED31CFEC2}"
EndProject
Project("{8BC9CEB8-8B4A-11D0-8D11-00A0C91BC942}") = "UI", "UI\UI.vcproj", "{DC0CE347-8AE5-4079-BD7B-96FD0B3A7466}"
EndProject
Project("{8BC9CEB8-8B4A-11D0-8D11-00A0C91BC942}") = "msgproc", "msgproc\msgproc.vcproj", "{1B1E2C80-4F4A-4BE5-A865-81A8866384F3}"
EndProject
Project("{8BC9CEB8-8B4A-11D0-8D11-00A0C91BC942}") = "readpipe", "readpipe\readpipe.vcproj", "{4B752EF9-C60C-44ED-B3F8-ED20DF4DAEE6}"
EndProject
Global
	GlobalSection(SubversionScc) = preSolution
		Svn-Managed = True
		Manager = AnkhSVN - Subversion Support for Visual Studio
	EndGlobalSection
	GlobalSection(SolutionConfigurationPlatforms) = preSolution
		Debug|Win32 = Debug|Win32
		Release|Win32 = Release|Win32
	EndGlobalSection
	GlobalSection(ProjectConfigurationPlatforms) = postSolution
		{D5268E38-98ED-4298-B9A2-483ED31CFEC2}.Debug|Win32.ActiveCfg = Debug|Win32
		{D5268E38-98ED-4298-B9A2-483ED31CFEC2}.Debug|Win32.Build.0 = Debug|Win32
		{D5268E38-98ED-4298-B9A2-483ED31CFEC2}.Release|Win32.ActiveCfg = Release|Win32
		{D5268E38-98ED-4298-B9A2-483ED31CFEC2}.Release|Win32.Build.0 = Release|Win32
		{DC0CE347-8AE5-4079-BD7B-96FD0B3A7466}.Debug|Win32.ActiveCfg = Debug|Win32
		{DC0CE347-8AE5-4079-BD7B-96FD0B3A7466}.Debug|Win32.Build.0 = Debug|Win32
		{DC0CE347-8AE5-4079-BD7B-96FD0B3A7466}.Release|Win32.ActiveCfg = Release|Win32
		{DC0CE347-8AE5-4079-BD7B-96FD0B3A7466}.Release|Win32.Build.0 = Release|Win32
		{1B1E2C80-4F4A-4BE5-A865-81A8866384F3}.Debug|Win32.ActiveCfg = Debug|Win32
		{1B1E2C80-4F4A-4BE5-A865-81A8866384F3}.Debug|Win32.Build.0 = Debug|Win32
		{1B1E2C80-4F4A-4BE5-A865-81A8866384F3}.Release|Win32.ActiveCfg = Release|Win32
		{1B1E2C80-4F4A-4BE5-A865-81A8866384F3}.Release|Win32.Build.0 = Release|Win32
		{4B752EF9-C60C-44ED-B3F8-ED20DF4DAEE6}.Debug|Win32.ActiveCfg = Debug|Win32
		{4B752EF9-C60C-44ED-B3F8-ED20DF4DAEE6}.Debug|Win32.Build.0 = Debug|Win32
		{4B752EF9-C60C-44ED-B3F8-ED20DF4DAEE6}.Release|Win32.ActiveCfg = Release|Win32
		{4B752EF9-C60C-44ED-B3F8-ED20DF4DAEE6}.Release|Win32.Build.0 = Release|Win32
	EndGlobalSection
	GlobalSection(SolutionProperties) = preSolution
		HideSolutionNode = FALSE
	EndGlobalSection
EndGlobal
