Microsoft Visual Studio Solution File, Format Version 9.00
# Visual Studio 2005
Project("{8BC9CEB8-8B4A-11D0-8D11-00A0C91BC942}") = "agent", "agent\Notify.vcproj", "{D5268E38-98ED-4298-B9A2-483ED31CFEC2}"
EndProject
Project("{8BC9CEB8-8B4A-11D0-8D11-00A0C91BC942}") = "third_party", "third_party\third_party.vcproj", "{95A36534-BA4C-49A6-B0A1-006264DDDA95}"
EndProject
Project("{8BC9CEB8-8B4A-11D0-8D11-00A0C91BC942}") = "common", "common\common.vcproj", "{B7CC784C-799D-4B5E-9FA8-93CB7D60A89E}"
EndProject
Project("{8BC9CEB8-8B4A-11D0-8D11-00A0C91BC942}") = "build", "build\build.vcproj", "{8B944224-2198-473F-B801-12C086811239}"
EndProject
Global
	GlobalSection(SubversionScc) = preSolution
		Svn-Managed = True
		Manager = AnkhSVN - Subversion Support for Visual Studio
	EndGlobalSection
	GlobalSection(SolutionConfigurationPlatforms) = preSolution
		Debug|Any CPU = Debug|Any CPU
		Debug|Mixed Platforms = Debug|Mixed Platforms
		Debug|Win32 = Debug|Win32
		Release|Any CPU = Release|Any CPU
		Release|Mixed Platforms = Release|Mixed Platforms
		Release|Win32 = Release|Win32
	EndGlobalSection
	GlobalSection(ProjectConfigurationPlatforms) = postSolution
		{D5268E38-98ED-4298-B9A2-483ED31CFEC2}.Debug|Any CPU.ActiveCfg = Debug|Win32
		{D5268E38-98ED-4298-B9A2-483ED31CFEC2}.Debug|Mixed Platforms.ActiveCfg = Debug|Win32
		{D5268E38-98ED-4298-B9A2-483ED31CFEC2}.Debug|Mixed Platforms.Build.0 = Debug|Win32
		{D5268E38-98ED-4298-B9A2-483ED31CFEC2}.Debug|Win32.ActiveCfg = Debug|Win32
		{D5268E38-98ED-4298-B9A2-483ED31CFEC2}.Debug|Win32.Build.0 = Debug|Win32
		{D5268E38-98ED-4298-B9A2-483ED31CFEC2}.Release|Any CPU.ActiveCfg = Release|Win32
		{D5268E38-98ED-4298-B9A2-483ED31CFEC2}.Release|Mixed Platforms.ActiveCfg = Debug|Win32
		{D5268E38-98ED-4298-B9A2-483ED31CFEC2}.Release|Mixed Platforms.Build.0 = Debug|Win32
		{D5268E38-98ED-4298-B9A2-483ED31CFEC2}.Release|Win32.ActiveCfg = Release|Win32
		{D5268E38-98ED-4298-B9A2-483ED31CFEC2}.Release|Win32.Build.0 = Release|Win32
		{95A36534-BA4C-49A6-B0A1-006264DDDA95}.Debug|Any CPU.ActiveCfg = Debug|Win32
		{95A36534-BA4C-49A6-B0A1-006264DDDA95}.Debug|Mixed Platforms.ActiveCfg = Debug|Win32
		{95A36534-BA4C-49A6-B0A1-006264DDDA95}.Debug|Win32.ActiveCfg = Debug|Win32
		{95A36534-BA4C-49A6-B0A1-006264DDDA95}.Debug|Win32.Build.0 = Debug|Win32
		{95A36534-BA4C-49A6-B0A1-006264DDDA95}.Release|Any CPU.ActiveCfg = Release|Win32
		{95A36534-BA4C-49A6-B0A1-006264DDDA95}.Release|Mixed Platforms.ActiveCfg = Debug|Win32
		{95A36534-BA4C-49A6-B0A1-006264DDDA95}.Release|Win32.ActiveCfg = Release|Win32
		{95A36534-BA4C-49A6-B0A1-006264DDDA95}.Release|Win32.Build.0 = Release|Win32
		{B7CC784C-799D-4B5E-9FA8-93CB7D60A89E}.Debug|Any CPU.ActiveCfg = Debug|Win32
		{B7CC784C-799D-4B5E-9FA8-93CB7D60A89E}.Debug|Mixed Platforms.ActiveCfg = Debug|Win32
		{B7CC784C-799D-4B5E-9FA8-93CB7D60A89E}.Debug|Mixed Platforms.Build.0 = Debug|Win32
		{B7CC784C-799D-4B5E-9FA8-93CB7D60A89E}.Debug|Win32.ActiveCfg = Debug|Win32
		{B7CC784C-799D-4B5E-9FA8-93CB7D60A89E}.Debug|Win32.Build.0 = Debug|Win32
		{B7CC784C-799D-4B5E-9FA8-93CB7D60A89E}.Release|Any CPU.ActiveCfg = Release|Win32
		{B7CC784C-799D-4B5E-9FA8-93CB7D60A89E}.Release|Mixed Platforms.ActiveCfg = Release|Win32
		{B7CC784C-799D-4B5E-9FA8-93CB7D60A89E}.Release|Mixed Platforms.Build.0 = Release|Win32
		{B7CC784C-799D-4B5E-9FA8-93CB7D60A89E}.Release|Win32.ActiveCfg = Release|Win32
		{B7CC784C-799D-4B5E-9FA8-93CB7D60A89E}.Release|Win32.Build.0 = Release|Win32
		{8B944224-2198-473F-B801-12C086811239}.Debug|Any CPU.ActiveCfg = Debug|Win32
		{8B944224-2198-473F-B801-12C086811239}.Debug|Mixed Platforms.ActiveCfg = Debug|Win32
		{8B944224-2198-473F-B801-12C086811239}.Debug|Mixed Platforms.Build.0 = Debug|Win32
		{8B944224-2198-473F-B801-12C086811239}.Debug|Win32.ActiveCfg = Debug|Win32
		{8B944224-2198-473F-B801-12C086811239}.Debug|Win32.Build.0 = Debug|Win32
		{8B944224-2198-473F-B801-12C086811239}.Release|Any CPU.ActiveCfg = Release|Win32
		{8B944224-2198-473F-B801-12C086811239}.Release|Mixed Platforms.ActiveCfg = Release|Win32
		{8B944224-2198-473F-B801-12C086811239}.Release|Mixed Platforms.Build.0 = Release|Win32
		{8B944224-2198-473F-B801-12C086811239}.Release|Win32.ActiveCfg = Release|Win32
		{8B944224-2198-473F-B801-12C086811239}.Release|Win32.Build.0 = Release|Win32
	EndGlobalSection
	GlobalSection(SolutionProperties) = preSolution
		HideSolutionNode = FALSE
	EndGlobalSection
EndGlobal
